
Microsoft Visual Studio Solution File, Format Version 12.00
# Visual Studio 2012
Project("{FAE04EC0-301F-11D3-BF4B-00C04F79EFBC}") = "SampleUnityScriptTestHarness", "SampleUnityScriptTestHarness.csproj", "{5A356826-1A2C-48B9-91DD-BF9677C6F597}"
EndProject
Global
	GlobalSection(SolutionConfigurationPlatforms) = preSolution
		Debug|Any CPU = Debug|Any CPU
		Release|Any CPU = Release|Any CPU
	EndGlobalSection
	GlobalSection(ProjectConfigurationPlatforms) = postSolution
		{5A356826-1A2C-48B9-91DD-BF9677C6F597}.Debug|Any CPU.ActiveCfg = Debug|Any CPU
		{5A356826-1A2C-48B9-91DD-BF9677C6F597}.Debug|Any CPU.Build.0 = Debug|Any CPU
		{5A356826-1A2C-48B9-91DD-BF9677C6F597}.Release|Any CPU.ActiveCfg = Release|Any CPU
		{5A356826-1A2C-48B9-91DD-BF9677C6F597}.Release|Any CPU.Build.0 = Release|Any CPU
	EndGlobalSection
	GlobalSection(SolutionProperties) = preSolution
		HideSolutionNode = FALSE
	EndGlobalSection
EndGlobal
